
Microsoft Visual Studio Solution File, Format Version 12.00
# Visual Studio 15
Project("{FAE04EC0-301F-11D3-BF4B-00C04F79EFBC}") = "19GRPADS01BNT401_TP3Web", "19GRPADS01BNT401_TP3Web\19GRPADS01BNT401_TP3Web.csproj", "{15F364B7-60A7-42EA-B64F-360E6783D0E9}"
EndProject
Project("{FAE04EC0-301F-11D3-BF4B-00C04F79EFBC}") = "19GRPADS01BNT401_TP3Api", "19GRPADS01BNT401_TP3Api\19GRPADS01BNT401_TP3Api.csproj", "{B73394C9-992E-4D5A-8D58-D25F36792225}"
EndProject
Project("{FAE04EC0-301F-11D3-BF4B-00C04F79EFBC}") = "19GRPADS01BNT401_TP3.Domain", "19GRPADS01BNT401_TP3.Domain\19GRPADS01BNT401_TP3.Domain.csproj", "{77EDC015-01AE-4D0F-992F-AA4635822087}"
EndProject
Project("{FAE04EC0-301F-11D3-BF4B-00C04F79EFBC}") = "19GRPADS01BNT401_TP3.Infra.Data", "19GRPADS01BNT401_TP3.Infra.Data\19GRPADS01BNT401_TP3.Infra.Data.csproj", "{7A3702D2-48E5-4D77-A47F-6C4A41A5207C}"
EndProject
Project("{FAE04EC0-301F-11D3-BF4B-00C04F79EFBC}") = "19GRPADS01BNT401_TP3Console", "19GRPADS01BNT401_TP3Console\19GRPADS01BNT401_TP3Console.csproj", "{5BFE3F5E-DEE5-4C80-A37C-60EC996B86AF}"
EndProject
Global
	GlobalSection(SolutionConfigurationPlatforms) = preSolution
		Debug|Any CPU = Debug|Any CPU
		Release|Any CPU = Release|Any CPU
	EndGlobalSection
	GlobalSection(ProjectConfigurationPlatforms) = postSolution
		{15F364B7-60A7-42EA-B64F-360E6783D0E9}.Debug|Any CPU.ActiveCfg = Debug|Any CPU
		{15F364B7-60A7-42EA-B64F-360E6783D0E9}.Debug|Any CPU.Build.0 = Debug|Any CPU
		{15F364B7-60A7-42EA-B64F-360E6783D0E9}.Release|Any CPU.ActiveCfg = Release|Any CPU
		{15F364B7-60A7-42EA-B64F-360E6783D0E9}.Release|Any CPU.Build.0 = Release|Any CPU
		{B73394C9-992E-4D5A-8D58-D25F36792225}.Debug|Any CPU.ActiveCfg = Debug|Any CPU
		{B73394C9-992E-4D5A-8D58-D25F36792225}.Debug|Any CPU.Build.0 = Debug|Any CPU
		{B73394C9-992E-4D5A-8D58-D25F36792225}.Release|Any CPU.ActiveCfg = Release|Any CPU
		{B73394C9-992E-4D5A-8D58-D25F36792225}.Release|Any CPU.Build.0 = Release|Any CPU
		{77EDC015-01AE-4D0F-992F-AA4635822087}.Debug|Any CPU.ActiveCfg = Debug|Any CPU
		{77EDC015-01AE-4D0F-992F-AA4635822087}.Debug|Any CPU.Build.0 = Debug|Any CPU
		{77EDC015-01AE-4D0F-992F-AA4635822087}.Release|Any CPU.ActiveCfg = Release|Any CPU
		{77EDC015-01AE-4D0F-992F-AA4635822087}.Release|Any CPU.Build.0 = Release|Any CPU
		{7A3702D2-48E5-4D77-A47F-6C4A41A5207C}.Debug|Any CPU.ActiveCfg = Debug|Any CPU
		{7A3702D2-48E5-4D77-A47F-6C4A41A5207C}.Debug|Any CPU.Build.0 = Debug|Any CPU
		{7A3702D2-48E5-4D77-A47F-6C4A41A5207C}.Release|Any CPU.ActiveCfg = Release|Any CPU
		{7A3702D2-48E5-4D77-A47F-6C4A41A5207C}.Release|Any CPU.Build.0 = Release|Any CPU
		{5BFE3F5E-DEE5-4C80-A37C-60EC996B86AF}.Debug|Any CPU.ActiveCfg = Debug|Any CPU
		{5BFE3F5E-DEE5-4C80-A37C-60EC996B86AF}.Debug|Any CPU.Build.0 = Debug|Any CPU
		{5BFE3F5E-DEE5-4C80-A37C-60EC996B86AF}.Release|Any CPU.ActiveCfg = Release|Any CPU
		{5BFE3F5E-DEE5-4C80-A37C-60EC996B86AF}.Release|Any CPU.Build.0 = Release|Any CPU
	EndGlobalSection
EndGlobal
